
Microsoft Visual Studio Solution File, Format Version 12.00
Project("{FAE04EC0-301F-11D3-BF4B-00C04F79EFBC}") = "NarouApp", "NarouApp.csproj", "{EFC6625B-B320-4370-9E67-0F2D31B018B8}"
EndProject
Global
	GlobalSection(SolutionConfigurationPlatforms) = preSolution
		Debug|Any CPU = Debug|Any CPU
		Release|Any CPU = Release|Any CPU
	EndGlobalSection
	GlobalSection(ProjectConfigurationPlatforms) = postSolution
		{EFC6625B-B320-4370-9E67-0F2D31B018B8}.Debug|Any CPU.ActiveCfg = Debug|Any CPU
		{EFC6625B-B320-4370-9E67-0F2D31B018B8}.Debug|Any CPU.Build.0 = Debug|Any CPU
		{EFC6625B-B320-4370-9E67-0F2D31B018B8}.Release|Any CPU.ActiveCfg = Release|Any CPU
		{EFC6625B-B320-4370-9E67-0F2D31B018B8}.Release|Any CPU.Build.0 = Release|Any CPU
	EndGlobalSection
EndGlobal
